// !$*UTF8*$!
{
	archiveVersion = 1;
	classes = {
	};
	objectVersion = 56;
	objects = {

/* Begin PBXBuildFile section */
		FE6063FC2AA5D3C3006FE679 /* AppDelegate.swift in Sources */ = {isa = PBXBuildFile; fileRef = FE6063FB2AA5D3C3006FE679 /* AppDelegate.swift */; };
		FE6063FE2AA5D3C3006FE679 /* SceneDelegate.swift in Sources */ = {isa = PBXBuildFile; fileRef = FE6063FD2AA5D3C3006FE679 /* SceneDelegate.swift */; };
		FE6064002AA5D3C3006FE679 /* ContactViewController.swift in Sources */ = {isa = PBXBuildFile; fileRef = FE6063FF2AA5D3C3006FE679 /* ContactViewController.swift */; };
		FE6064032AA5D3C3006FE679 /* Main.storyboard in Resources */ = {isa = PBXBuildFile; fileRef = FE6064012AA5D3C3006FE679 /* Main.storyboard */; };
		FE6064062AA5D3C3006FE679 /* ContactsDemo.xcdatamodeld in Sources */ = {isa = PBXBuildFile; fileRef = FE6064042AA5D3C3006FE679 /* ContactsDemo.xcdatamodeld */; };
		FE6064082AA5D3C3006FE679 /* Assets.xcassets in Resources */ = {isa = PBXBuildFile; fileRef = FE6064072AA5D3C3006FE679 /* Assets.xcassets */; };
		FE60640B2AA5D3C3006FE679 /* LaunchScreen.storyboard in Resources */ = {isa = PBXBuildFile; fileRef = FE6064092AA5D3C3006FE679 /* LaunchScreen.storyboard */; };
		FE6064162AA5DE36006FE679 /* addContactViewController.swift in Sources */ = {isa = PBXBuildFile; fileRef = FE6064152AA5DE36006FE679 /* addContactViewController.swift */; };
		FEB3FAAF2AA8641B00E26501 /* ContactsDetailsViewController.swift in Sources */ = {isa = PBXBuildFile; fileRef = FEB3FAAE2AA8641B00E26501 /* ContactsDetailsViewController.swift */; };
/* End PBXBuildFile section */

/* Begin PBXFileReference section */
		FE6063F82AA5D3C3006FE679 /* ContactsDemo.app */ = {isa = PBXFileReference; explicitFileType = wrapper.application; includeInIndex = 0; path = ContactsDemo.app; sourceTree = BUILT_PRODUCTS_DIR; };
		FE6063FB2AA5D3C3006FE679 /* AppDelegate.swift */ = {isa = PBXFileReference; lastKnownFileType = sourcecode.swift; path = AppDelegate.swift; sourceTree = "<group>"; };
		FE6063FD2AA5D3C3006FE679 /* SceneDelegate.swift */ = {isa = PBXFileReference; lastKnownFileType = sourcecode.swift; path = SceneDelegate.swift; sourceTree = "<group>"; };
		FE6063FF2AA5D3C3006FE679 /* ContactViewController.swift */ = {isa = PBXFileReference; lastKnownFileType = sourcecode.swift; path = ContactViewController.swift; sourceTree = "<group>"; };
		FE6064022AA5D3C3006FE679 /* Base */ = {isa = PBXFileReference; lastKnownFileType = file.storyboard; name = Base; path = Base.lproj/Main.storyboard; sourceTree = "<group>"; };
		FE6064052AA5D3C3006FE679 /* ContactsDemo.xcdatamodel */ = {isa = PBXFileReference; lastKnownFileType = wrapper.xcdatamodel; path = ContactsDemo.xcdatamodel; sourceTree = "<group>"; };
		FE6064072AA5D3C3006FE679 /* Assets.xcassets */ = {isa = PBXFileReference; lastKnownFileType = folder.assetcatalog; path = Assets.xcassets; sourceTree = "<group>"; };
		FE60640A2AA5D3C3006FE679 /* Base */ = {isa = PBXFileReference; lastKnownFileType = file.storyboard; name = Base; path = Base.lproj/LaunchScreen.storyboard; sourceTree = "<group>"; };
		FE60640C2AA5D3C3006FE679 /* Info.plist */ = {isa = PBXFileReference; lastKnownFileType = text.plist.xml; path = Info.plist; sourceTree = "<group>"; };
		FE6064152AA5DE36006FE679 /* addContactViewController.swift */ = {isa = PBXFileReference; lastKnownFileType = sourcecode.swift; path = addContactViewController.swift; sourceTree = "<group>"; };
		FEB3FAAE2AA8641B00E26501 /* ContactsDetailsViewController.swift */ = {isa = PBXFileReference; lastKnownFileType = sourcecode.swift; path = ContactsDetailsViewController.swift; sourceTree = "<group>"; };
/* End PBXFileReference section */

/* Begin PBXFrameworksBuildPhase section */
		FE6063F52AA5D3C3006FE679 /* Frameworks */ = {
			isa = PBXFrameworksBuildPhase;
			buildActionMask = 2147483647;
			files = (
			);
			runOnlyForDeploymentPostprocessing = 0;
		};
/* End PBXFrameworksBuildPhase section */

/* Begin PBXGroup section */
		FE6063EF2AA5D3C3006FE679 = {
			isa = PBXGroup;
			children = (
				FE6063FA2AA5D3C3006FE679 /* ContactsDemo */,
				FE6063F92AA5D3C3006FE679 /* Products */,
			);
			sourceTree = "<group>";
		};
		FE6063F92AA5D3C3006FE679 /* Products */ = {
			isa = PBXGroup;
			children = (
				FE6063F82AA5D3C3006FE679 /* ContactsDemo.app */,
			);
			name = Products;
			sourceTree = "<group>";
		};
		FE6063FA2AA5D3C3006FE679 /* ContactsDemo */ = {
			isa = PBXGroup;
			children = (
				FE6063FB2AA5D3C3006FE679 /* AppDelegate.swift */,
				FE6063FD2AA5D3C3006FE679 /* SceneDelegate.swift */,
				FE6064142AA5D7A3006FE679 /* model */,
				FE6064122AA5D788006FE679 /* controller */,
				FE6064132AA5D799006FE679 /* vview */,
				FE6064072AA5D3C3006FE679 /* Assets.xcassets */,
				FE6064092AA5D3C3006FE679 /* LaunchScreen.storyboard */,
				FE60640C2AA5D3C3006FE679 /* Info.plist */,
			);
			path = ContactsDemo;
			sourceTree = "<group>";
		};
		FE6064122AA5D788006FE679 /* controller */ = {
			isa = PBXGroup;
			children = (
				FE6063FF2AA5D3C3006FE679 /* ContactViewController.swift */,
				FE6064152AA5DE36006FE679 /* addContactViewController.swift */,
				FEB3FAAE2AA8641B00E26501 /* ContactsDetailsViewController.swift */,
			);
			path = controller;
			sourceTree = "<group>";
		};
		FE6064132AA5D799006FE679 /* vview */ = {
			isa = PBXGroup;
			children = (
				FE6064012AA5D3C3006FE679 /* Main.storyboard */,
			);
			path = vview;
			sourceTree = "<group>";
		};
		FE6064142AA5D7A3006FE679 /* model */ = {
			isa = PBXGroup;
			children = (
				FE6064042AA5D3C3006FE679 /* ContactsDemo.xcdatamodeld */,
			);
			path = model;
			sourceTree = "<group>";
		};
/* End PBXGroup section */

/* Begin PBXNativeTarget section */
		FE6063F72AA5D3C3006FE679 /* ContactsDemo */ = {
			isa = PBXNativeTarget;
			buildConfigurationList = FE60640F2AA5D3C3006FE679 /* Build configuration list for PBXNativeTarget "ContactsDemo" */;
			buildPhases = (
				FE6063F42AA5D3C3006FE679 /* Sources */,
				FE6063F52AA5D3C3006FE679 /* Frameworks */,
				FE6063F62AA5D3C3006FE679 /* Resources */,
			);
			buildRules = (
			);
			dependencies = (
			);
			name = ContactsDemo;
			productName = ContactsDemo;
			productReference = FE6063F82AA5D3C3006FE679 /* ContactsDemo.app */;
			productType = "com.apple.product-type.application";
		};
/* End PBXNativeTarget section */

/* Begin PBXProject section */
		FE6063F02AA5D3C3006FE679 /* Project object */ = {
			isa = PBXProject;
			attributes = {
				BuildIndependentTargetsInParallel = 1;
				LastSwiftUpdateCheck = 1430;
				LastUpgradeCheck = 1430;
				TargetAttributes = {
					FE6063F72AA5D3C3006FE679 = {
						CreatedOnToolsVersion = 14.3.1;
					};
				};
			};
			buildConfigurationList = FE6063F32AA5D3C3006FE679 /* Build configuration list for PBXProject "ContactsDemo" */;
			compatibilityVersion = "Xcode 14.0";
			developmentRegion = en;
			hasScannedForEncodings = 0;
			knownRegions = (
				en,
				Base,
			);
			mainGroup = FE6063EF2AA5D3C3006FE679;
			productRefGroup = FE6063F92AA5D3C3006FE679 /* Products */;
			projectDirPath = "";
			projectRoot = "";
			targets = (
				FE6063F72AA5D3C3006FE679 /* ContactsDemo */,
			);
		};
/* End PBXProject section */

/* Begin PBXResourcesBuildPhase section */
		FE6063F62AA5D3C3006FE679 /* Resources */ = {
			isa = PBXResourcesBuildPhase;
			buildActionMask = 2147483647;
			files = (
				FE60640B2AA5D3C3006FE679 /* LaunchScreen.storyboard in Resources */,
				FE6064082AA5D3C3006FE679 /* Assets.xcassets in Resources */,
				FE6064032AA5D3C3006FE679 /* Main.storyboard in Resources */,
			);
			runOnlyForDeploymentPostprocessing = 0;
		};
/* End PBXResourcesBuildPhase section */

/* Begin PBXSourcesBuildPhase section */
		FE6063F42AA5D3C3006FE679 /* Sources */ = {
			isa = PBXSourcesBuildPhase;
			buildActionMask = 2147483647;
			files = (
				FE6064002AA5D3C3006FE679 /* ContactViewController.swift in Sources */,
				FE6064162AA5DE36006FE679 /* addContactViewController.swift in Sources */,
				FEB3FAAF2AA8641B00E26501 /* ContactsDetailsViewController.swift in Sources */,
				FE6064062AA5D3C3006FE679 /* ContactsDemo.xcdatamodeld in Sources */,
				FE6063FC2AA5D3C3006FE679 /* AppDelegate.swift in Sources */,
				FE6063FE2AA5D3C3006FE679 /* SceneDelegate.swift in Sources */,
			);
			runOnlyForDeploymentPostprocessing = 0;
		};
/* End PBXSourcesBuildPhase section */

/* Begin PBXVariantGroup section */
		FE6064012AA5D3C3006FE679 /* Main.storyboard */ = {
			isa = PBXVariantGroup;
			children = (
				FE6064022AA5D3C3006FE679 /* Base */,
			);
			name = Main.storyboard;
			sourceTree = "<group>";
		};
		FE6064092AA5D3C3006FE679 /* LaunchScreen.storyboard */ = {
			isa = PBXVariantGroup;
			children = (
				FE60640A2AA5D3C3006FE679 /* Base */,
			);
			name = LaunchScreen.storyboard;
			sourceTree = "<group>";
		};
/* End PBXVariantGroup section */

/* Begin XCBuildConfiguration section */
		FE60640D2AA5D3C3006FE679 /* Debug */ = {
			isa = XCBuildConfiguration;
			buildSettings = {
				ALWAYS_SEARCH_USER_PATHS = NO;
				CLANG_ANALYZER_NONNULL = YES;
				CLANG_ANALYZER_NUMBER_OBJECT_CONVERSION = YES_AGGRESSIVE;
				CLANG_CXX_LANGUAGE_STANDARD = "gnu++20";
				CLANG_ENABLE_MODULES = YES;
				CLANG_ENABLE_OBJC_ARC = YES;
				CLANG_ENABLE_OBJC_WEAK = YES;
				CLANG_WARN_BLOCK_CAPTURE_AUTORELEASING = YES;
				CLANG_WARN_BOOL_CONVERSION = YES;
				CLANG_WARN_COMMA = YES;
				CLANG_WARN_CONSTANT_CONVERSION = YES;
				CLANG_WARN_DEPRECATED_OBJC_IMPLEMENTATIONS = YES;
				CLANG_WARN_DIRECT_OBJC_ISA_USAGE = YES_ERROR;
				CLANG_WARN_DOCUMENTATION_COMMENTS = YES;
				CLANG_WARN_EMPTY_BODY = YES;
				CLANG_WARN_ENUM_CONVERSION = YES;
				CLANG_WARN_INFINITE_RECURSION = YES;
				CLANG_WARN_INT_CONVERSION = YES;
				CLANG_WARN_NON_LITERAL_NULL_CONVERSION = YES;
				CLANG_WARN_OBJC_IMPLICIT_RETAIN_SELF = YES;
				CLANG_WARN_OBJC_LITERAL_CONVERSION = YES;
				CLANG_WARN_OBJC_ROOT_CLASS = YES_ERROR;
				CLANG_WARN_QUOTED_INCLUDE_IN_FRAMEWORK_HEADER = YES;
				CLANG_WARN_RANGE_LOOP_ANALYSIS = YES;
				CLANG_WARN_STRICT_PROTOTYPES = YES;
				CLANG_WARN_SUSPICIOUS_MOVE = YES;
				CLANG_WARN_UNGUARDED_AVAILABILITY = YES_AGGRESSIVE;
				CLANG_WARN_UNREACHABLE_CODE = YES;
				CLANG_WARN__DUPLICATE_METHOD_MATCH = YES;
				COPY_PHASE_STRIP = NO;
				DEBUG_INFORMATION_FORMAT = dwarf;
				ENABLE_STRICT_OBJC_MSGSEND = YES;
				ENABLE_TESTABILITY = YES;
				GCC_C_LANGUAGE_STANDARD = gnu11;
				GCC_DYNAMIC_NO_PIC = NO;
				GCC_NO_COMMON_BLOCKS = YES;
				GCC_OPTIMIZATION_LEVEL = 0;
				GCC_PREPROCESSOR_DEFINITIONS = (
					"DEBUG=1",
					"$(inherited)",
				);
				GCC_WARN_64_TO_32_BIT_CONVERSION = YES;
				GCC_WARN_ABOUT_RETURN_TYPE = YES_ERROR;
				GCC_WARN_UNDECLARED_SELECTOR = YES;
				GCC_WARN_UNINITIALIZED_AUTOS = YES_AGGRESSIVE;
				GCC_WARN_UNUSED_FUNCTION = YES;
				GCC_WARN_UNUSED_VARIABLE = YES;
				IPHONEOS_DEPLOYMENT_TARGET = 16.0;
				MTL_ENABLE_DEBUG_INFO = INCLUDE_SOURCE;
				MTL_FAST_MATH = YES;
				ONLY_ACTIVE_ARCH = YES;
				SDKROOT = iphoneos;
				SWIFT_ACTIVE_COMPILATION_CONDITIONS = DEBUG;
				SWIFT_OPTIMIZATION_LEVEL = "-Onone";
			};
			name = Debug;
		};
		FE60640E2AA5D3C3006FE679 /* Release */ = {
			isa = XCBuildConfiguration;
			buildSettings = {
				ALWAYS_SEARCH_USER_PATHS = NO;
				CLANG_ANALYZER_NONNULL = YES;
				CLANG_ANALYZER_NUMBER_OBJECT_CONVERSION = YES_AGGRESSIVE;
				CLANG_CXX_LANGUAGE_STANDARD = "gnu++20";
				CLANG_ENABLE_MODULES = YES;
				CLANG_ENABLE_OBJC_ARC = YES;
				CLANG_ENABLE_OBJC_WEAK = YES;
				CLANG_WARN_BLOCK_CAPTURE_AUTORELEASING = YES;
				CLANG_WARN_BOOL_CONVERSION = YES;
				CLANG_WARN_COMMA = YES;
				CLANG_WARN_CONSTANT_CONVERSION = YES;
				CLANG_WARN_DEPRECATED_OBJC_IMPLEMENTATIONS = YES;
				CLANG_WARN_DIRECT_OBJC_ISA_USAGE = YES_ERROR;
				CLANG_WARN_DOCUMENTATION_COMMENTS = YES;
				CLANG_WARN_EMPTY_BODY = YES;
				CLANG_WARN_ENUM_CONVERSION = YES;
				CLANG_WARN_INFINITE_RECURSION = YES;
				CLANG_WARN_INT_CONVERSION = YES;
				CLANG_WARN_NON_LITERAL_NULL_CONVERSION = YES;
				CLANG_WARN_OBJC_IMPLICIT_RETAIN_SELF = YES;
				CLANG_WARN_OBJC_LITERAL_CONVERSION = YES;
				CLANG_WARN_OBJC_ROOT_CLASS = YES_ERROR;
				CLANG_WARN_QUOTED_INCLUDE_IN_FRAMEWORK_HEADER = YES;
				CLANG_WARN_RANGE_LOOP_ANALYSIS = YES;
				CLANG_WARN_STRICT_PROTOTYPES = YES;
				CLANG_WARN_SUSPICIOUS_MOVE = YES;
				CLANG_WARN_UNGUARDED_AVAILABILITY = YES_AGGRESSIVE;
				CLANG_WARN_UNREACHABLE_CODE = YES;
				CLANG_WARN__DUPLICATE_METHOD_MATCH = YES;
				COPY_PHASE_STRIP = NO;
				DEBUG_INFORMATION_FORMAT = "dwarf-with-dsym";
				ENABLE_NS_ASSERTIONS = NO;
				ENABLE_STRICT_OBJC_MSGSEND = YES;
				GCC_C_LANGUAGE_STANDARD = gnu11;
				GCC_NO_COMMON_BLOCKS = YES;
				GCC_WARN_64_TO_32_BIT_CONVERSION = YES;
				GCC_WARN_ABOUT_RETURN_TYPE = YES_ERROR;
				GCC_WARN_UNDECLARED_SELECTOR = YES;
				GCC_WARN_UNINITIALIZED_AUTOS = YES_AGGRESSIVE;
				GCC_WARN_UNUSED_FUNCTION = YES;
				GCC_WARN_UNUSED_VARIABLE = YES;
				IPHONEOS_DEPLOYMENT_TARGET = 16.0;
				MTL_ENABLE_DEBUG_INFO = NO;
				MTL_FAST_MATH = YES;
				SDKROOT = iphoneos;
				SWIFT_COMPILATION_MODE = wholemodule;
				SWIFT_OPTIMIZATION_LEVEL = "-O";
				VALIDATE_PRODUCT = YES;
			};
			name = Release;
		};
		FE6064102AA5D3C3006FE679 /* Debug */ = {
			isa = XCBuildConfiguration;
			buildSettings = {
				ASSETCATALOG_COMPILER_APPICON_NAME = AppIcon;
				ASSETCATALOG_COMPILER_GLOBAL_ACCENT_COLOR_NAME = AccentColor;
				CODE_SIGN_STYLE = Automatic;
				CURRENT_PROJECT_VERSION = 1;
				DEVELOPMENT_TEAM = RRH725S54J;
				GENERATE_INFOPLIST_FILE = YES;
				INFOPLIST_FILE = ContactsDemo/Info.plist;
				INFOPLIST_KEY_UIApplicationSupportsIndirectInputEvents = YES;
				INFOPLIST_KEY_UILaunchStoryboardName = LaunchScreen;
				INFOPLIST_KEY_UIMainStoryboardFile = Main;
				INFOPLIST_KEY_UISupportedInterfaceOrientations_iPad = "UIInterfaceOrientationPortrait UIInterfaceOrientationPortraitUpsideDown UIInterfaceOrientationLandscapeLeft UIInterfaceOrientationLandscapeRight";
				INFOPLIST_KEY_UISupportedInterfaceOrientations_iPhone = "UIInterfaceOrientationPortrait UIInterfaceOrientationLandscapeLeft UIInterfaceOrientationLandscapeRight";
				LD_RUNPATH_SEARCH_PATHS = (
					"$(inherited)",
					"@executable_path/Frameworks",
				);
				MARKETING_VERSION = 1.0;
				PRODUCT_BUNDLE_IDENTIFIER = com.vatsal.ContactsDemo;
				PRODUCT_NAME = "$(TARGET_NAME)";
				SWIFT_EMIT_LOC_STRINGS = YES;
				SWIFT_VERSION = 5.0;
				TARGETED_DEVICE_FAMILY = "1,2";
			};
			name = Debug;
		};
		FE6064112AA5D3C3006FE679 /* Release */ = {
			isa = XCBuildConfiguration;
			buildSettings = {
				ASSETCATALOG_COMPILER_APPICON_NAME = AppIcon;
				ASSETCATALOG_COMPILER_GLOBAL_ACCENT_COLOR_NAME = AccentColor;
				CODE_SIGN_STYLE = Automatic;
				CURRENT_PROJECT_VERSION = 1;
				DEVELOPMENT_TEAM = RRH725S54J;
				GENERATE_INFOPLIST_FILE = YES;
				INFOPLIST_FILE = ContactsDemo/Info.plist;
				INFOPLIST_KEY_UIApplicationSupportsIndirectInputEvents = YES;
				INFOPLIST_KEY_UILaunchStoryboardName = LaunchScreen;
				INFOPLIST_KEY_UIMainStoryboardFile = Main;
				INFOPLIST_KEY_UISupportedInterfaceOrientations_iPad = "UIInterfaceOrientationPortrait UIInterfaceOrientationPortraitUpsideDown UIInterfaceOrientationLandscapeLeft UIInterfaceOrientationLandscapeRight";
				INFOPLIST_KEY_UISupportedInterfaceOrientations_iPhone = "UIInterfaceOrientationPortrait UIInterfaceOrientationLandscapeLeft UIInterfaceOrientationLandscapeRight";
				LD_RUNPATH_SEARCH_PATHS = (
					"$(inherited)",
					"@executable_path/Frameworks",
				);
				MARKETING_VERSION = 1.0;
				PRODUCT_BUNDLE_IDENTIFIER = com.vatsal.ContactsDemo;
				PRODUCT_NAME = "$(TARGET_NAME)";
				SWIFT_EMIT_LOC_STRINGS = YES;
				SWIFT_VERSION = 5.0;
				TARGETED_DEVICE_FAMILY = "1,2";
			};
			name = Release;
		};
/* End XCBuildConfiguration section */

/* Begin XCConfigurationList section */
		FE6063F32AA5D3C3006FE679 /* Build configuration list for PBXProject "ContactsDemo" */ = {
			isa = XCConfigurationList;
			buildConfigurations = (
				FE60640D2AA5D3C3006FE679 /* Debug */,
				FE60640E2AA5D3C3006FE679 /* Release */,
			);
			defaultConfigurationIsVisible = 0;
			defaultConfigurationName = Release;
		};
		FE60640F2AA5D3C3006FE679 /* Build configuration list for PBXNativeTarget "ContactsDemo" */ = {
			isa = XCConfigurationList;
			buildConfigurations = (
				FE6064102AA5D3C3006FE679 /* Debug */,
				FE6064112AA5D3C3006FE679 /* Release */,
			);
			defaultConfigurationIsVisible = 0;
			defaultConfigurationName = Release;
		};
/* End XCConfigurationList section */

/* Begin XCVersionGroup section */
		FE6064042AA5D3C3006FE679 /* ContactsDemo.xcdatamodeld */ = {
			isa = XCVersionGroup;
			children = (
				FE6064052AA5D3C3006FE679 /* ContactsDemo.xcdatamodel */,
			);
			currentVersion = FE6064052AA5D3C3006FE679 /* ContactsDemo.xcdatamodel */;
			path = ContactsDemo.xcdatamodeld;
			sourceTree = "<group>";
			versionGroupType = wrapper.xcdatamodel;
		};
/* End XCVersionGroup section */
	};
	rootObject = FE6063F02AA5D3C3006FE679 /* Project object */;
}
